
Microsoft Visual Studio Solution File, Format Version 12.00
# Visual Studio Version 17
VisualStudioVersion = 17.7.34221.43
MinimumVisualStudioVersion = 10.0.40219.1
Project("{FAE04EC0-301F-11D3-BF4B-00C04F79EFBC}") = "AEstacionamentoLocal", "AEstacionamentoLocal\AEstacionamentoLocal.csproj", "{8DA34457-A58F-4ED3-9F1A-BF75A0928E11}"
EndProject
Global
	GlobalSection(SolutionConfigurationPlatforms) = preSolution
		Debug|Any CPU = Debug|Any CPU
		Release|Any CPU = Release|Any CPU
	EndGlobalSection
	GlobalSection(ProjectConfigurationPlatforms) = postSolution
		{8DA34457-A58F-4ED3-9F1A-BF75A0928E11}.Debug|Any CPU.ActiveCfg = Debug|Any CPU
		{8DA34457-A58F-4ED3-9F1A-BF75A0928E11}.Debug|Any CPU.Build.0 = Debug|Any CPU
		{8DA34457-A58F-4ED3-9F1A-BF75A0928E11}.Release|Any CPU.ActiveCfg = Release|Any CPU
		{8DA34457-A58F-4ED3-9F1A-BF75A0928E11}.Release|Any CPU.Build.0 = Release|Any CPU
	EndGlobalSection
	GlobalSection(SolutionProperties) = preSolution
		HideSolutionNode = FALSE
	EndGlobalSection
	GlobalSection(ExtensibilityGlobals) = postSolution
		SolutionGuid = {792C650D-FAC1-49C3-A129-2074963E3E2C}
	EndGlobalSection
EndGlobal
